<?xml version="1.0" encoding="utf-8"?>
<Project ToolsVersion="4.0" xmlns="http://schemas.microsoft.com/developer/msbuild/2003">
  <ItemGroup>
    <Filter Include="Source Files">
      <UniqueIdentifier>{A28EC8A8-90A0-4970-910E-FF66ED3714F8}</UniqueIdentifier>
      <Extensions>cpp;c;cc;cxx</Extensions>
    </Filter>
    <Filter Include="Module Definition">
      <UniqueIdentifier>{9F9F56E3-6849-44F5-B06F-A80C957C05EF}</UniqueIdentifier>
    </Filter>
  </ItemGroup>
  <ItemGroup>
    <ClCompile Include="CodexContextMenu.cpp">
      <Filter>Source Files</Filter>
    </ClCompile>
  </ItemGroup>
  <ItemGroup>
    <None Include="CodexContextMenu.def">
      <Filter>Module Definition</Filter>
    </None>
  </ItemGroup>
</Project>

